// !$*UTF8*$!
{
	archiveVersion = 1;
	classes = {
	};
	objectVersion = 50;
	objects = {

/* Begin PBXBuildFile section */
		0D9922ACCC0EFC2E2A6AC2B1 /* libPods-gitHub_test.a in Frameworks */ = {isa = PBXBuildFile; fileRef = 4D1FFE545177811710F90E68 /* libPods-gitHub_test.a */; };
		467869F32609AC8800CEF126 /* AppDelegate.m in Sources */ = {isa = PBXBuildFile; fileRef = 467869F22609AC8800CEF126 /* AppDelegate.m */; };
		467869F62609AC8800CEF126 /* SceneDelegate.m in Sources */ = {isa = PBXBuildFile; fileRef = 467869F52609AC8800CEF126 /* SceneDelegate.m */; };
		467869F92609AC8800CEF126 /* ViewController.m in Sources */ = {isa = PBXBuildFile; fileRef = 467869F82609AC8800CEF126 /* ViewController.m */; };
		467869FC2609AC8800CEF126 /* Main.storyboard in Resources */ = {isa = PBXBuildFile; fileRef = 467869FA2609AC8800CEF126 /* Main.storyboard */; };
		467869FE2609AC8900CEF126 /* Assets.xcassets in Resources */ = {isa = PBXBuildFile; fileRef = 467869FD2609AC8900CEF126 /* Assets.xcassets */; };
		46786A012609AC8900CEF126 /* LaunchScreen.storyboard in Resources */ = {isa = PBXBuildFile; fileRef = 467869FF2609AC8900CEF126 /* LaunchScreen.storyboard */; };
		46786A042609AC8900CEF126 /* main.m in Sources */ = {isa = PBXBuildFile; fileRef = 46786A032609AC8900CEF126 /* main.m */; };
/* End PBXBuildFile section */

/* Begin PBXFileReference section */
		1FA8C02852041C9BCE4D4B52 /* Pods-gitHub_test.release.xcconfig */ = {isa = PBXFileReference; includeInIndex = 1; lastKnownFileType = text.xcconfig; name = "Pods-gitHub_test.release.xcconfig"; path = "Target Support Files/Pods-gitHub_test/Pods-gitHub_test.release.xcconfig"; sourceTree = "<group>"; };
		467869EE2609AC8800CEF126 /* gitHub_test.app */ = {isa = PBXFileReference; explicitFileType = wrapper.application; includeInIndex = 0; path = gitHub_test.app; sourceTree = BUILT_PRODUCTS_DIR; };
		467869F12609AC8800CEF126 /* AppDelegate.h */ = {isa = PBXFileReference; lastKnownFileType = sourcecode.c.h; path = AppDelegate.h; sourceTree = "<group>"; };
		467869F22609AC8800CEF126 /* AppDelegate.m */ = {isa = PBXFileReference; lastKnownFileType = sourcecode.c.objc; path = AppDelegate.m; sourceTree = "<group>"; };
		467869F42609AC8800CEF126 /* SceneDelegate.h */ = {isa = PBXFileReference; lastKnownFileType = sourcecode.c.h; path = SceneDelegate.h; sourceTree = "<group>"; };
		467869F52609AC8800CEF126 /* SceneDelegate.m */ = {isa = PBXFileReference; lastKnownFileType = sourcecode.c.objc; path = SceneDelegate.m; sourceTree = "<group>"; };
		467869F72609AC8800CEF126 /* ViewController.h */ = {isa = PBXFileReference; lastKnownFileType = sourcecode.c.h; path = ViewController.h; sourceTree = "<group>"; };
		467869F82609AC8800CEF126 /* ViewController.m */ = {isa = PBXFileReference; lastKnownFileType = sourcecode.c.objc; path = ViewController.m; sourceTree = "<group>"; };
		467869FB2609AC8800CEF126 /* Base */ = {isa = PBXFileReference; lastKnownFileType = file.storyboard; name = Base; path = Base.lproj/Main.storyboard; sourceTree = "<group>"; };
		467869FD2609AC8900CEF126 /* Assets.xcassets */ = {isa = PBXFileReference; lastKnownFileType = folder.assetcatalog; path = Assets.xcassets; sourceTree = "<group>"; };
		46786A002609AC8900CEF126 /* Base */ = {isa = PBXFileReference; lastKnownFileType = file.storyboard; name = Base; path = Base.lproj/LaunchScreen.storyboard; sourceTree = "<group>"; };
		46786A022609AC8900CEF126 /* Info.plist */ = {isa = PBXFileReference; lastKnownFileType = text.plist.xml; path = Info.plist; sourceTree = "<group>"; };
		46786A032609AC8900CEF126 /* main.m */ = {isa = PBXFileReference; lastKnownFileType = sourcecode.c.objc; path = main.m; sourceTree = "<group>"; };
		4D1FFE545177811710F90E68 /* libPods-gitHub_test.a */ = {isa = PBXFileReference; explicitFileType = archive.ar; includeInIndex = 0; path = "libPods-gitHub_test.a"; sourceTree = BUILT_PRODUCTS_DIR; };
		78FFB5F9814939CAAABEEBFE /* Pods-gitHub_test.debug.xcconfig */ = {isa = PBXFileReference; includeInIndex = 1; lastKnownFileType = text.xcconfig; name = "Pods-gitHub_test.debug.xcconfig"; path = "Target Support Files/Pods-gitHub_test/Pods-gitHub_test.debug.xcconfig"; sourceTree = "<group>"; };
/* End PBXFileReference section */

/* Begin PBXFrameworksBuildPhase section */
		467869EB2609AC8800CEF126 /* Frameworks */ = {
			isa = PBXFrameworksBuildPhase;
			buildActionMask = 2147483647;
			files = (
				0D9922ACCC0EFC2E2A6AC2B1 /* libPods-gitHub_test.a in Frameworks */,
			);
			runOnlyForDeploymentPostprocessing = 0;
		};
/* End PBXFrameworksBuildPhase section */

/* Begin PBXGroup section */
		2D743DBE6C70EDED5E4BD0FA /* Pods */ = {
			isa = PBXGroup;
			children = (
				78FFB5F9814939CAAABEEBFE /* Pods-gitHub_test.debug.xcconfig */,
				1FA8C02852041C9BCE4D4B52 /* Pods-gitHub_test.release.xcconfig */,
			);
			name = Pods;
			path = ../Pods;
			sourceTree = "<group>";
		};
		467869E52609AC8800CEF126 = {
			isa = PBXGroup;
			children = (
				467869F02609AC8800CEF126 /* gitHub_test */,
				467869EF2609AC8800CEF126 /* Products */,
				2D743DBE6C70EDED5E4BD0FA /* Pods */,
				8345E556A22C8650A5C3C0D3 /* Frameworks */,
			);
			sourceTree = "<group>";
		};
		467869EF2609AC8800CEF126 /* Products */ = {
			isa = PBXGroup;
			children = (
				467869EE2609AC8800CEF126 /* gitHub_test.app */,
			);
			name = Products;
			sourceTree = "<group>";
		};
		467869F02609AC8800CEF126 /* gitHub_test */ = {
			isa = PBXGroup;
			children = (
				467869F12609AC8800CEF126 /* AppDelegate.h */,
				467869F22609AC8800CEF126 /* AppDelegate.m */,
				467869F42609AC8800CEF126 /* SceneDelegate.h */,
				467869F52609AC8800CEF126 /* SceneDelegate.m */,
				467869F72609AC8800CEF126 /* ViewController.h */,
				467869F82609AC8800CEF126 /* ViewController.m */,
				467869FA2609AC8800CEF126 /* Main.storyboard */,
				467869FD2609AC8900CEF126 /* Assets.xcassets */,
				467869FF2609AC8900CEF126 /* LaunchScreen.storyboard */,
				46786A022609AC8900CEF126 /* Info.plist */,
				46786A032609AC8900CEF126 /* main.m */,
			);
			path = gitHub_test;
			sourceTree = "<group>";
		};
		8345E556A22C8650A5C3C0D3 /* Frameworks */ = {
			isa = PBXGroup;
			children = (
				4D1FFE545177811710F90E68 /* libPods-gitHub_test.a */,
			);
			name = Frameworks;
			sourceTree = "<group>";
		};
/* End PBXGroup section */

/* Begin PBXNativeTarget section */
		467869ED2609AC8800CEF126 /* gitHub_test */ = {
			isa = PBXNativeTarget;
			buildConfigurationList = 46786A072609AC8900CEF126 /* Build configuration list for PBXNativeTarget "gitHub_test" */;
			buildPhases = (
				2A15663C9DA5477918B2C7C7 /* [CP] Check Pods Manifest.lock */,
				467869EA2609AC8800CEF126 /* Sources */,
				467869EB2609AC8800CEF126 /* Frameworks */,
				467869EC2609AC8800CEF126 /* Resources */,
			);
			buildRules = (
			);
			dependencies = (
			);
			name = gitHub_test;
			productName = gitHub_test;
			productReference = 467869EE2609AC8800CEF126 /* gitHub_test.app */;
			productType = "com.apple.product-type.application";
		};
/* End PBXNativeTarget section */

/* Begin PBXProject section */
		467869E62609AC8800CEF126 /* Project object */ = {
			isa = PBXProject;
			attributes = {
				LastUpgradeCheck = 1170;
				ORGANIZATIONNAME = Lsl;
				TargetAttributes = {
					467869ED2609AC8800CEF126 = {
						CreatedOnToolsVersion = 11.7;
					};
				};
			};
			buildConfigurationList = 467869E92609AC8800CEF126 /* Build configuration list for PBXProject "gitHub_test" */;
			compatibilityVersion = "Xcode 9.3";
			developmentRegion = en;
			hasScannedForEncodings = 0;
			knownRegions = (
				en,
				Base,
			);
			mainGroup = 467869E52609AC8800CEF126;
			productRefGroup = 467869EF2609AC8800CEF126 /* Products */;
			projectDirPath = "";
			projectRoot = "";
			targets = (
				467869ED2609AC8800CEF126 /* gitHub_test */,
			);
		};
/* End PBXProject section */

/* Begin PBXResourcesBuildPhase section */
		467869EC2609AC8800CEF126 /* Resources */ = {
			isa = PBXResourcesBuildPhase;
			buildActionMask = 2147483647;
			files = (
				46786A012609AC8900CEF126 /* LaunchScreen.storyboard in Resources */,
				467869FE2609AC8900CEF126 /* Assets.xcassets in Resources */,
				467869FC2609AC8800CEF126 /* Main.storyboard in Resources */,
			);
			runOnlyForDeploymentPostprocessing = 0;
		};
/* End PBXResourcesBuildPhase section */

/* Begin PBXShellScriptBuildPhase section */
		2A15663C9DA5477918B2C7C7 /* [CP] Check Pods Manifest.lock */ = {
			isa = PBXShellScriptBuildPhase;
			buildActionMask = 2147483647;
			files = (
			);
			inputFileListPaths = (
			);
			inputPaths = (
				"${PODS_PODFILE_DIR_PATH}/Podfile.lock",
				"${PODS_ROOT}/Manifest.lock",
			);
			name = "[CP] Check Pods Manifest.lock";
			outputFileListPaths = (
			);
			outputPaths = (
				"$(DERIVED_FILE_DIR)/Pods-gitHub_test-checkManifestLockResult.txt",
			);
			runOnlyForDeploymentPostprocessing = 0;
			shellPath = /bin/sh;
			shellScript = "diff \"${PODS_PODFILE_DIR_PATH}/Podfile.lock\" \"${PODS_ROOT}/Manifest.lock\" > /dev/null\nif [ $? != 0 ] ; then\n    # print error to STDERR\n    echo \"error: The sandbox is not in sync with the Podfile.lock. Run 'pod install' or update your CocoaPods installation.\" >&2\n    exit 1\nfi\n# This output is used by Xcode 'outputs' to avoid re-running this script phase.\necho \"SUCCESS\" > \"${SCRIPT_OUTPUT_FILE_0}\"\n";
			showEnvVarsInLog = 0;
		};
/* End PBXShellScriptBuildPhase section */

/* Begin PBXSourcesBuildPhase section */
		467869EA2609AC8800CEF126 /* Sources */ = {
			isa = PBXSourcesBuildPhase;
			buildActionMask = 2147483647;
			files = (
				467869F92609AC8800CEF126 /* ViewController.m in Sources */,
				467869F32609AC8800CEF126 /* AppDelegate.m in Sources */,
				46786A042609AC8900CEF126 /* main.m in Sources */,
				467869F62609AC8800CEF126 /* SceneDelegate.m in Sources */,
			);
			runOnlyForDeploymentPostprocessing = 0;
		};
/* End PBXSourcesBuildPhase section */

/* Begin PBXVariantGroup section */
		467869FA2609AC8800CEF126 /* Main.storyboard */ = {
			isa = PBXVariantGroup;
			children = (
				467869FB2609AC8800CEF126 /* Base */,
			);
			name = Main.storyboard;
			sourceTree = "<group>";
		};
		467869FF2609AC8900CEF126 /* LaunchScreen.storyboard */ = {
			isa = PBXVariantGroup;
			children = (
				46786A002609AC8900CEF126 /* Base */,
			);
			name = LaunchScreen.storyboard;
			sourceTree = "<group>";
		};
/* End PBXVariantGroup section */

/* Begin XCBuildConfiguration section */
		46786A052609AC8900CEF126 /* Debug */ = {
			isa = XCBuildConfiguration;
			buildSettings = {
				ALWAYS_SEARCH_USER_PATHS = NO;
				CLANG_ANALYZER_NONNULL = YES;
				CLANG_ANALYZER_NUMBER_OBJECT_CONVERSION = YES_AGGRESSIVE;
				CLANG_CXX_LANGUAGE_STANDARD = "gnu++14";
				CLANG_CXX_LIBRARY = "libc++";
				CLANG_ENABLE_MODULES = YES;
				CLANG_ENABLE_OBJC_ARC = YES;
				CLANG_ENABLE_OBJC_WEAK = YES;
				CLANG_WARN_BLOCK_CAPTURE_AUTORELEASING = YES;
				CLANG_WARN_BOOL_CONVERSION = YES;
				CLANG_WARN_COMMA = YES;
				CLANG_WARN_CONSTANT_CONVERSION = YES;
				CLANG_WARN_DEPRECATED_OBJC_IMPLEMENTATIONS = YES;
				CLANG_WARN_DIRECT_OBJC_ISA_USAGE = YES_ERROR;
				CLANG_WARN_DOCUMENTATION_COMMENTS = YES;
				CLANG_WARN_EMPTY_BODY = YES;
				CLANG_WARN_ENUM_CONVERSION = YES;
				CLANG_WARN_INFINITE_RECURSION = YES;
				CLANG_WARN_INT_CONVERSION = YES;
				CLANG_WARN_NON_LITERAL_NULL_CONVERSION = YES;
				CLANG_WARN_OBJC_IMPLICIT_RETAIN_SELF = YES;
				CLANG_WARN_OBJC_LITERAL_CONVERSION = YES;
				CLANG_WARN_OBJC_ROOT_CLASS = YES_ERROR;
				CLANG_WARN_RANGE_LOOP_ANALYSIS = YES;
				CLANG_WARN_STRICT_PROTOTYPES = YES;
				CLANG_WARN_SUSPICIOUS_MOVE = YES;
				CLANG_WARN_UNGUARDED_AVAILABILITY = YES_AGGRESSIVE;
				CLANG_WARN_UNREACHABLE_CODE = YES;
				CLANG_WARN__DUPLICATE_METHOD_MATCH = YES;
				COPY_PHASE_STRIP = NO;
				DEBUG_INFORMATION_FORMAT = dwarf;
				ENABLE_STRICT_OBJC_MSGSEND = YES;
				ENABLE_TESTABILITY = YES;
				GCC_C_LANGUAGE_STANDARD = gnu11;
				GCC_DYNAMIC_NO_PIC = NO;
				GCC_NO_COMMON_BLOCKS = YES;
				GCC_OPTIMIZATION_LEVEL = 0;
				GCC_PREPROCESSOR_DEFINITIONS = (
					"DEBUG=1",
					"$(inherited)",
				);
				GCC_WARN_64_TO_32_BIT_CONVERSION = YES;
				GCC_WARN_ABOUT_RETURN_TYPE = YES_ERROR;
				GCC_WARN_UNDECLARED_SELECTOR = YES;
				GCC_WARN_UNINITIALIZED_AUTOS = YES_AGGRESSIVE;
				GCC_WARN_UNUSED_FUNCTION = YES;
				GCC_WARN_UNUSED_VARIABLE = YES;
				IPHONEOS_DEPLOYMENT_TARGET = 13.7;
				MTL_ENABLE_DEBUG_INFO = INCLUDE_SOURCE;
				MTL_FAST_MATH = YES;
				ONLY_ACTIVE_ARCH = YES;
				SDKROOT = iphoneos;
			};
			name = Debug;
		};
		46786A062609AC8900CEF126 /* Release */ = {
			isa = XCBuildConfiguration;
			buildSettings = {
				ALWAYS_SEARCH_USER_PATHS = NO;
				CLANG_ANALYZER_NONNULL = YES;
				CLANG_ANALYZER_NUMBER_OBJECT_CONVERSION = YES_AGGRESSIVE;
				CLANG_CXX_LANGUAGE_STANDARD = "gnu++14";
				CLANG_CXX_LIBRARY = "libc++";
				CLANG_ENABLE_MODULES = YES;
				CLANG_ENABLE_OBJC_ARC = YES;
				CLANG_ENABLE_OBJC_WEAK = YES;
				CLANG_WARN_BLOCK_CAPTURE_AUTORELEASING = YES;
				CLANG_WARN_BOOL_CONVERSION = YES;
				CLANG_WARN_COMMA = YES;
				CLANG_WARN_CONSTANT_CONVERSION = YES;
				CLANG_WARN_DEPRECATED_OBJC_IMPLEMENTATIONS = YES;
				CLANG_WARN_DIRECT_OBJC_ISA_USAGE = YES_ERROR;
				CLANG_WARN_DOCUMENTATION_COMMENTS = YES;
				CLANG_WARN_EMPTY_BODY = YES;
				CLANG_WARN_ENUM_CONVERSION = YES;
				CLANG_WARN_INFINITE_RECURSION = YES;
				CLANG_WARN_INT_CONVERSION = YES;
				CLANG_WARN_NON_LITERAL_NULL_CONVERSION = YES;
				CLANG_WARN_OBJC_IMPLICIT_RETAIN_SELF = YES;
				CLANG_WARN_OBJC_LITERAL_CONVERSION = YES;
				CLANG_WARN_OBJC_ROOT_CLASS = YES_ERROR;
				CLANG_WARN_RANGE_LOOP_ANALYSIS = YES;
				CLANG_WARN_STRICT_PROTOTYPES = YES;
				CLANG_WARN_SUSPICIOUS_MOVE = YES;
				CLANG_WARN_UNGUARDED_AVAILABILITY = YES_AGGRESSIVE;
				CLANG_WARN_UNREACHABLE_CODE = YES;
				CLANG_WARN__DUPLICATE_METHOD_MATCH = YES;
				COPY_PHASE_STRIP = NO;
				DEBUG_INFORMATION_FORMAT = "dwarf-with-dsym";
				ENABLE_NS_ASSERTIONS = NO;
				ENABLE_STRICT_OBJC_MSGSEND = YES;
				GCC_C_LANGUAGE_STANDARD = gnu11;
				GCC_NO_COMMON_BLOCKS = YES;
				GCC_WARN_64_TO_32_BIT_CONVERSION = YES;
				GCC_WARN_ABOUT_RETURN_TYPE = YES_ERROR;
				GCC_WARN_UNDECLARED_SELECTOR = YES;
				GCC_WARN_UNINITIALIZED_AUTOS = YES_AGGRESSIVE;
				GCC_WARN_UNUSED_FUNCTION = YES;
				GCC_WARN_UNUSED_VARIABLE = YES;
				IPHONEOS_DEPLOYMENT_TARGET = 13.7;
				MTL_ENABLE_DEBUG_INFO = NO;
				MTL_FAST_MATH = YES;
				SDKROOT = iphoneos;
				VALIDATE_PRODUCT = YES;
			};
			name = Release;
		};
		46786A082609AC8900CEF126 /* Debug */ = {
			isa = XCBuildConfiguration;
			baseConfigurationReference = 78FFB5F9814939CAAABEEBFE /* Pods-gitHub_test.debug.xcconfig */;
			buildSettings = {
				ASSETCATALOG_COMPILER_APPICON_NAME = AppIcon;
				CODE_SIGN_STYLE = Automatic;
				DEVELOPMENT_TEAM = 5NZGCE8UBK;
				INFOPLIST_FILE = gitHub_test/Info.plist;
				LD_RUNPATH_SEARCH_PATHS = (
					"$(inherited)",
					"@executable_path/Frameworks",
				);
				PRODUCT_BUNDLE_IDENTIFIER = "com.Lsl.button.gitHub-test";
				PRODUCT_NAME = "$(TARGET_NAME)";
				TARGETED_DEVICE_FAMILY = "1,2";
			};
			name = Debug;
		};
		46786A092609AC8900CEF126 /* Release */ = {
			isa = XCBuildConfiguration;
			baseConfigurationReference = 1FA8C02852041C9BCE4D4B52 /* Pods-gitHub_test.release.xcconfig */;
			buildSettings = {
				ASSETCATALOG_COMPILER_APPICON_NAME = AppIcon;
				CODE_SIGN_STYLE = Automatic;
				DEVELOPMENT_TEAM = 5NZGCE8UBK;
				INFOPLIST_FILE = gitHub_test/Info.plist;
				LD_RUNPATH_SEARCH_PATHS = (
					"$(inherited)",
					"@executable_path/Frameworks",
				);
				PRODUCT_BUNDLE_IDENTIFIER = "com.Lsl.button.gitHub-test";
				PRODUCT_NAME = "$(TARGET_NAME)";
				TARGETED_DEVICE_FAMILY = "1,2";
			};
			name = Release;
		};
/* End XCBuildConfiguration section */

/* Begin XCConfigurationList section */
		467869E92609AC8800CEF126 /* Build configuration list for PBXProject "gitHub_test" */ = {
			isa = XCConfigurationList;
			buildConfigurations = (
				46786A052609AC8900CEF126 /* Debug */,
				46786A062609AC8900CEF126 /* Release */,
			);
			defaultConfigurationIsVisible = 0;
			defaultConfigurationName = Release;
		};
		46786A072609AC8900CEF126 /* Build configuration list for PBXNativeTarget "gitHub_test" */ = {
			isa = XCConfigurationList;
			buildConfigurations = (
				46786A082609AC8900CEF126 /* Debug */,
				46786A092609AC8900CEF126 /* Release */,
			);
			defaultConfigurationIsVisible = 0;
			defaultConfigurationName = Release;
		};
/* End XCConfigurationList section */
	};
	rootObject = 467869E62609AC8800CEF126 /* Project object */;
}
